
Microsoft Visual Studio Solution File, Format Version 12.00
# Visual Studio Version 16
VisualStudioVersion = 16.0.31410.357
MinimumVisualStudioVersion = 10.0.40219.1
Project("{FAE04EC0-301F-11D3-BF4B-00C04F79EFBC}") = "SistemaWebVuelos", "SistemaWebVuelos\SistemaWebVuelos.csproj", "{D88559C8-E3E2-4F8D-BFCC-162B9F664C15}"
EndProject
Global
	GlobalSection(SolutionConfigurationPlatforms) = preSolution
		Debug|Any CPU = Debug|Any CPU
		Release|Any CPU = Release|Any CPU
	EndGlobalSection
	GlobalSection(ProjectConfigurationPlatforms) = postSolution
		{D88559C8-E3E2-4F8D-BFCC-162B9F664C15}.Debug|Any CPU.ActiveCfg = Debug|Any CPU
		{D88559C8-E3E2-4F8D-BFCC-162B9F664C15}.Debug|Any CPU.Build.0 = Debug|Any CPU
		{D88559C8-E3E2-4F8D-BFCC-162B9F664C15}.Release|Any CPU.ActiveCfg = Release|Any CPU
		{D88559C8-E3E2-4F8D-BFCC-162B9F664C15}.Release|Any CPU.Build.0 = Release|Any CPU
	EndGlobalSection
	GlobalSection(SolutionProperties) = preSolution
		HideSolutionNode = FALSE
	EndGlobalSection
	GlobalSection(ExtensibilityGlobals) = postSolution
		SolutionGuid = {59DF5AF1-0302-45C4-BDDC-9D6E80AA52E9}
	EndGlobalSection
EndGlobal
